
Microsoft Visual Studio Solution File, Format Version 12.00
# Visual Studio 15
VisualStudioVersion = 15.0.28307.645
MinimumVisualStudioVersion = 10.0.40219.1
Project("{2150E333-8FDC-42A3-9474-1A3956D46DE8}") = "Solution Items", "Solution Items", "{30268DB7-A1F4-4A1B-B54D-00BC1A4BF3E8}"
	ProjectSection(SolutionItems) = preProject
		Directory.Build.props = Directory.Build.props
		global.json = global.json
	EndProjectSection
EndProject
Project("{FAE04EC0-301F-11D3-BF4B-00C04F79EFBC}") = "Soneta", "Soneta.ProjektyZDokumentu\Soneta.ProjektyZDokumentu\Soneta.csproj", "{DD07523D-D029-4228-B975-F811E2CC1B80}"
EndProject
Project("{FAE04EC0-301F-11D3-BF4B-00C04F79EFBC}") = "Soneta.ProjektyZDokumentu.UI", "Soneta.ProjektyZDokumentu\Soneta.ProjektyZDokumentu.UI\Soneta.ProjektyZDokumentu.UI.csproj", "{F5832CA8-2BC6-4019-9066-1AA0219F3E36}"
EndProject
Project("{FAE04EC0-301F-11D3-BF4B-00C04F79EFBC}") = "Soneta.ProjektyZDokumentu.Tests", "Soneta.ProjektyZDokumentu\Soneta.ProjektyZDokumentu.Tests\Soneta.ProjektyZDokumentu.Tests.csproj", "{ACD218D5-C050-4596-958B-A899B0F87F62}"
EndProject
Global
	GlobalSection(SolutionConfigurationPlatforms) = preSolution
		Debug|Any CPU = Debug|Any CPU
		Release|Any CPU = Release|Any CPU
	EndGlobalSection
	GlobalSection(ProjectConfigurationPlatforms) = postSolution
		{DD07523D-D029-4228-B975-F811E2CC1B80}.Debug|Any CPU.ActiveCfg = Debug|Any CPU
		{DD07523D-D029-4228-B975-F811E2CC1B80}.Debug|Any CPU.Build.0 = Debug|Any CPU
		{DD07523D-D029-4228-B975-F811E2CC1B80}.Release|Any CPU.ActiveCfg = Release|Any CPU
		{DD07523D-D029-4228-B975-F811E2CC1B80}.Release|Any CPU.Build.0 = Release|Any CPU
		{F5832CA8-2BC6-4019-9066-1AA0219F3E36}.Debug|Any CPU.ActiveCfg = Debug|Any CPU
		{F5832CA8-2BC6-4019-9066-1AA0219F3E36}.Debug|Any CPU.Build.0 = Debug|Any CPU
		{F5832CA8-2BC6-4019-9066-1AA0219F3E36}.Release|Any CPU.ActiveCfg = Release|Any CPU
		{F5832CA8-2BC6-4019-9066-1AA0219F3E36}.Release|Any CPU.Build.0 = Release|Any CPU
		{ACD218D5-C050-4596-958B-A899B0F87F62}.Debug|Any CPU.ActiveCfg = Debug|Any CPU
		{ACD218D5-C050-4596-958B-A899B0F87F62}.Debug|Any CPU.Build.0 = Debug|Any CPU
		{ACD218D5-C050-4596-958B-A899B0F87F62}.Release|Any CPU.ActiveCfg = Release|Any CPU
		{ACD218D5-C050-4596-958B-A899B0F87F62}.Release|Any CPU.Build.0 = Release|Any CPU
	EndGlobalSection
	GlobalSection(SolutionProperties) = preSolution
		HideSolutionNode = FALSE
	EndGlobalSection
	GlobalSection(ExtensibilityGlobals) = postSolution
		SolutionGuid = {5ABE793E-6962-478E-8137-65F973097470}
	EndGlobalSection
EndGlobal
